
Microsoft Visual Studio Solution File, Format Version 12.00
# Visual Studio Version 17
VisualStudioVersion = 17.10.34928.147
MinimumVisualStudioVersion = 10.0.40219.1
Project("{FAE04EC0-301F-11D3-BF4B-00C04F79EFBC}") = "GradeCalculator", "GradeCalculator\GradeCalculator.csproj", "{88D2D32F-F7A1-4FD7-9F4A-947E6DE2DCEA}"
EndProject
Global
	GlobalSection(SolutionConfigurationPlatforms) = preSolution
		Debug|Any CPU = Debug|Any CPU
		Release|Any CPU = Release|Any CPU
	EndGlobalSection
	GlobalSection(ProjectConfigurationPlatforms) = postSolution
		{88D2D32F-F7A1-4FD7-9F4A-947E6DE2DCEA}.Debug|Any CPU.ActiveCfg = Debug|Any CPU
		{88D2D32F-F7A1-4FD7-9F4A-947E6DE2DCEA}.Debug|Any CPU.Build.0 = Debug|Any CPU
		{88D2D32F-F7A1-4FD7-9F4A-947E6DE2DCEA}.Release|Any CPU.ActiveCfg = Release|Any CPU
		{88D2D32F-F7A1-4FD7-9F4A-947E6DE2DCEA}.Release|Any CPU.Build.0 = Release|Any CPU
	EndGlobalSection
	GlobalSection(SolutionProperties) = preSolution
		HideSolutionNode = FALSE
	EndGlobalSection
	GlobalSection(ExtensibilityGlobals) = postSolution
		SolutionGuid = {C53A1534-BEF5-4B64-8CE2-05F344FB884D}
	EndGlobalSection
EndGlobal
