
Microsoft Visual Studio Solution File, Format Version 12.00
# Visual Studio Version 17
VisualStudioVersion = 17.10.34928.147
MinimumVisualStudioVersion = 10.0.40219.1
Project("{FAE04EC0-301F-11D3-BF4B-00C04F79EFBC}") = "TriangleTypeIdentifier", "TriangleTypeIdentifier\TriangleTypeIdentifier.csproj", "{A35CAB86-2F2E-4CED-9CDF-6178DB1CED28}"
EndProject
Global
	GlobalSection(SolutionConfigurationPlatforms) = preSolution
		Debug|Any CPU = Debug|Any CPU
		Release|Any CPU = Release|Any CPU
	EndGlobalSection
	GlobalSection(ProjectConfigurationPlatforms) = postSolution
		{A35CAB86-2F2E-4CED-9CDF-6178DB1CED28}.Debug|Any CPU.ActiveCfg = Debug|Any CPU
		{A35CAB86-2F2E-4CED-9CDF-6178DB1CED28}.Debug|Any CPU.Build.0 = Debug|Any CPU
		{A35CAB86-2F2E-4CED-9CDF-6178DB1CED28}.Release|Any CPU.ActiveCfg = Release|Any CPU
		{A35CAB86-2F2E-4CED-9CDF-6178DB1CED28}.Release|Any CPU.Build.0 = Release|Any CPU
	EndGlobalSection
	GlobalSection(SolutionProperties) = preSolution
		HideSolutionNode = FALSE
	EndGlobalSection
	GlobalSection(ExtensibilityGlobals) = postSolution
		SolutionGuid = {0B94BC24-EABB-46D6-8EC7-96D48193387A}
	EndGlobalSection
EndGlobal
